// !$*UTF8*$!
{
	archiveVersion = 1;
	classes = {
	};
	objectVersion = 56;
	objects = {

/* Begin PBXBuildFile section */
		E1C49BCF2C9D272D00125C93 /* CartApp.swift in Sources */ = {isa = PBXBuildFile; fileRef = E1C49BCE2C9D272D00125C93 /* CartApp.swift */; };
		E1C49BD12C9D272D00125C93 /* ContentView.swift in Sources */ = {isa = PBXBuildFile; fileRef = E1C49BD02C9D272D00125C93 /* ContentView.swift */; };
		E1C49BD32C9D272E00125C93 /* Assets.xcassets in Resources */ = {isa = PBXBuildFile; fileRef = E1C49BD22C9D272E00125C93 /* Assets.xcassets */; };
		E1C49BD62C9D272E00125C93 /* Preview Assets.xcassets in Resources */ = {isa = PBXBuildFile; fileRef = E1C49BD52C9D272E00125C93 /* Preview Assets.xcassets */; };
		E1C49BE02C9D272F00125C93 /* CartTests.swift in Sources */ = {isa = PBXBuildFile; fileRef = E1C49BDF2C9D272F00125C93 /* CartTests.swift */; };
		E1C49BEA2C9D272F00125C93 /* CartUITests.swift in Sources */ = {isa = PBXBuildFile; fileRef = E1C49BE92C9D272F00125C93 /* CartUITests.swift */; };
		E1C49BEC2C9D272F00125C93 /* CartUITestsLaunchTests.swift in Sources */ = {isa = PBXBuildFile; fileRef = E1C49BEB2C9D272F00125C93 /* CartUITestsLaunchTests.swift */; };
		E1C49BF92C9D293B00125C93 /* RegistrationView.swift in Sources */ = {isa = PBXBuildFile; fileRef = E1C49BF82C9D293B00125C93 /* RegistrationView.swift */; };
		E1C49BFA2C9D293B00125C93 /* RegistrationView.swift in Sources */ = {isa = PBXBuildFile; fileRef = E1C49BF82C9D293B00125C93 /* RegistrationView.swift */; };
		E1C49BFB2C9D293B00125C93 /* RegistrationView.swift in Sources */ = {isa = PBXBuildFile; fileRef = E1C49BF82C9D293B00125C93 /* RegistrationView.swift */; };
/* End PBXBuildFile section */

/* Begin PBXContainerItemProxy section */
		E1C49BDC2C9D272F00125C93 /* PBXContainerItemProxy */ = {
			isa = PBXContainerItemProxy;
			containerPortal = E1C49BC32C9D272D00125C93 /* Project object */;
			proxyType = 1;
			remoteGlobalIDString = E1C49BCA2C9D272D00125C93;
			remoteInfo = Cart;
		};
		E1C49BE62C9D272F00125C93 /* PBXContainerItemProxy */ = {
			isa = PBXContainerItemProxy;
			containerPortal = E1C49BC32C9D272D00125C93 /* Project object */;
			proxyType = 1;
			remoteGlobalIDString = E1C49BCA2C9D272D00125C93;
			remoteInfo = Cart;
		};
/* End PBXContainerItemProxy section */

/* Begin PBXFileReference section */
		E1C49BCB2C9D272D00125C93 /* Cart.app */ = {isa = PBXFileReference; explicitFileType = wrapper.application; includeInIndex = 0; path = Cart.app; sourceTree = BUILT_PRODUCTS_DIR; };
		E1C49BCE2C9D272D00125C93 /* CartApp.swift */ = {isa = PBXFileReference; lastKnownFileType = sourcecode.swift; path = CartApp.swift; sourceTree = "<group>"; };
		E1C49BD02C9D272D00125C93 /* ContentView.swift */ = {isa = PBXFileReference; lastKnownFileType = sourcecode.swift; path = ContentView.swift; sourceTree = "<group>"; };
		E1C49BD22C9D272E00125C93 /* Assets.xcassets */ = {isa = PBXFileReference; lastKnownFileType = folder.assetcatalog; path = Assets.xcassets; sourceTree = "<group>"; };
		E1C49BD52C9D272E00125C93 /* Preview Assets.xcassets */ = {isa = PBXFileReference; lastKnownFileType = folder.assetcatalog; path = "Preview Assets.xcassets"; sourceTree = "<group>"; };
		E1C49BDB2C9D272F00125C93 /* CartTests.xctest */ = {isa = PBXFileReference; explicitFileType = wrapper.cfbundle; includeInIndex = 0; path = CartTests.xctest; sourceTree = BUILT_PRODUCTS_DIR; };
		E1C49BDF2C9D272F00125C93 /* CartTests.swift */ = {isa = PBXFileReference; lastKnownFileType = sourcecode.swift; path = CartTests.swift; sourceTree = "<group>"; };
		E1C49BE52C9D272F00125C93 /* CartUITests.xctest */ = {isa = PBXFileReference; explicitFileType = wrapper.cfbundle; includeInIndex = 0; path = CartUITests.xctest; sourceTree = BUILT_PRODUCTS_DIR; };
		E1C49BE92C9D272F00125C93 /* CartUITests.swift */ = {isa = PBXFileReference; lastKnownFileType = sourcecode.swift; path = CartUITests.swift; sourceTree = "<group>"; };
		E1C49BEB2C9D272F00125C93 /* CartUITestsLaunchTests.swift */ = {isa = PBXFileReference; lastKnownFileType = sourcecode.swift; path = CartUITestsLaunchTests.swift; sourceTree = "<group>"; };
		E1C49BF82C9D293B00125C93 /* RegistrationView.swift */ = {isa = PBXFileReference; lastKnownFileType = sourcecode.swift; path = RegistrationView.swift; sourceTree = "<group>"; };
/* End PBXFileReference section */

/* Begin PBXFrameworksBuildPhase section */
		E1C49BC82C9D272D00125C93 /* Frameworks */ = {
			isa = PBXFrameworksBuildPhase;
			buildActionMask = 2147483647;
			files = (
			);
			runOnlyForDeploymentPostprocessing = 0;
		};
		E1C49BD82C9D272F00125C93 /* Frameworks */ = {
			isa = PBXFrameworksBuildPhase;
			buildActionMask = 2147483647;
			files = (
			);
			runOnlyForDeploymentPostprocessing = 0;
		};
		E1C49BE22C9D272F00125C93 /* Frameworks */ = {
			isa = PBXFrameworksBuildPhase;
			buildActionMask = 2147483647;
			files = (
			);
			runOnlyForDeploymentPostprocessing = 0;
		};
/* End PBXFrameworksBuildPhase section */

/* Begin PBXGroup section */
		E1C49BC22C9D272D00125C93 = {
			isa = PBXGroup;
			children = (
				E1C49BCD2C9D272D00125C93 /* Cart */,
				E1C49BDE2C9D272F00125C93 /* CartTests */,
				E1C49BE82C9D272F00125C93 /* CartUITests */,
				E1C49BCC2C9D272D00125C93 /* Products */,
			);
			sourceTree = "<group>";
		};
		E1C49BCC2C9D272D00125C93 /* Products */ = {
			isa = PBXGroup;
			children = (
				E1C49BCB2C9D272D00125C93 /* Cart.app */,
				E1C49BDB2C9D272F00125C93 /* CartTests.xctest */,
				E1C49BE52C9D272F00125C93 /* CartUITests.xctest */,
			);
			name = Products;
			sourceTree = "<group>";
		};
		E1C49BCD2C9D272D00125C93 /* Cart */ = {
			isa = PBXGroup;
			children = (
				E1C49BCE2C9D272D00125C93 /* CartApp.swift */,
				E1C49BD02C9D272D00125C93 /* ContentView.swift */,
				E1C49BF82C9D293B00125C93 /* RegistrationView.swift */,
				E1C49BD22C9D272E00125C93 /* Assets.xcassets */,
				E1C49BD42C9D272E00125C93 /* Preview Content */,
			);
			path = Cart;
			sourceTree = "<group>";
		};
		E1C49BD42C9D272E00125C93 /* Preview Content */ = {
			isa = PBXGroup;
			children = (
				E1C49BD52C9D272E00125C93 /* Preview Assets.xcassets */,
			);
			path = "Preview Content";
			sourceTree = "<group>";
		};
		E1C49BDE2C9D272F00125C93 /* CartTests */ = {
			isa = PBXGroup;
			children = (
				E1C49BDF2C9D272F00125C93 /* CartTests.swift */,
			);
			path = CartTests;
			sourceTree = "<group>";
		};
		E1C49BE82C9D272F00125C93 /* CartUITests */ = {
			isa = PBXGroup;
			children = (
				E1C49BE92C9D272F00125C93 /* CartUITests.swift */,
				E1C49BEB2C9D272F00125C93 /* CartUITestsLaunchTests.swift */,
			);
			path = CartUITests;
			sourceTree = "<group>";
		};
/* End PBXGroup section */

/* Begin PBXNativeTarget section */
		E1C49BCA2C9D272D00125C93 /* Cart */ = {
			isa = PBXNativeTarget;
			buildConfigurationList = E1C49BEF2C9D272F00125C93 /* Build configuration list for PBXNativeTarget "Cart" */;
			buildPhases = (
				E1C49BC72C9D272D00125C93 /* Sources */,
				E1C49BC82C9D272D00125C93 /* Frameworks */,
				E1C49BC92C9D272D00125C93 /* Resources */,
			);
			buildRules = (
			);
			dependencies = (
			);
			name = Cart;
			productName = Cart;
			productReference = E1C49BCB2C9D272D00125C93 /* Cart.app */;
			productType = "com.apple.product-type.application";
		};
		E1C49BDA2C9D272F00125C93 /* CartTests */ = {
			isa = PBXNativeTarget;
			buildConfigurationList = E1C49BF22C9D272F00125C93 /* Build configuration list for PBXNativeTarget "CartTests" */;
			buildPhases = (
				E1C49BD72C9D272F00125C93 /* Sources */,
				E1C49BD82C9D272F00125C93 /* Frameworks */,
				E1C49BD92C9D272F00125C93 /* Resources */,
			);
			buildRules = (
			);
			dependencies = (
				E1C49BDD2C9D272F00125C93 /* PBXTargetDependency */,
			);
			name = CartTests;
			productName = CartTests;
			productReference = E1C49BDB2C9D272F00125C93 /* CartTests.xctest */;
			productType = "com.apple.product-type.bundle.unit-test";
		};
		E1C49BE42C9D272F00125C93 /* CartUITests */ = {
			isa = PBXNativeTarget;
			buildConfigurationList = E1C49BF52C9D272F00125C93 /* Build configuration list for PBXNativeTarget "CartUITests" */;
			buildPhases = (
				E1C49BE12C9D272F00125C93 /* Sources */,
				E1C49BE22C9D272F00125C93 /* Frameworks */,
				E1C49BE32C9D272F00125C93 /* Resources */,
			);
			buildRules = (
			);
			dependencies = (
				E1C49BE72C9D272F00125C93 /* PBXTargetDependency */,
			);
			name = CartUITests;
			productName = CartUITests;
			productReference = E1C49BE52C9D272F00125C93 /* CartUITests.xctest */;
			productType = "com.apple.product-type.bundle.ui-testing";
		};
/* End PBXNativeTarget section */

/* Begin PBXProject section */
		E1C49BC32C9D272D00125C93 /* Project object */ = {
			isa = PBXProject;
			attributes = {
				BuildIndependentTargetsInParallel = 1;
				LastSwiftUpdateCheck = 1540;
				LastUpgradeCheck = 1540;
				TargetAttributes = {
					E1C49BCA2C9D272D00125C93 = {
						CreatedOnToolsVersion = 15.4;
					};
					E1C49BDA2C9D272F00125C93 = {
						CreatedOnToolsVersion = 15.4;
						TestTargetID = E1C49BCA2C9D272D00125C93;
					};
					E1C49BE42C9D272F00125C93 = {
						CreatedOnToolsVersion = 15.4;
						TestTargetID = E1C49BCA2C9D272D00125C93;
					};
				};
			};
			buildConfigurationList = E1C49BC62C9D272D00125C93 /* Build configuration list for PBXProject "Cart" */;
			compatibilityVersion = "Xcode 14.0";
			developmentRegion = en;
			hasScannedForEncodings = 0;
			knownRegions = (
				en,
				Base,
			);
			mainGroup = E1C49BC22C9D272D00125C93;
			productRefGroup = E1C49BCC2C9D272D00125C93 /* Products */;
			projectDirPath = "";
			projectRoot = "";
			targets = (
				E1C49BCA2C9D272D00125C93 /* Cart */,
				E1C49BDA2C9D272F00125C93 /* CartTests */,
				E1C49BE42C9D272F00125C93 /* CartUITests */,
			);
		};
/* End PBXProject section */

/* Begin PBXResourcesBuildPhase section */
		E1C49BC92C9D272D00125C93 /* Resources */ = {
			isa = PBXResourcesBuildPhase;
			buildActionMask = 2147483647;
			files = (
				E1C49BD62C9D272E00125C93 /* Preview Assets.xcassets in Resources */,
				E1C49BD32C9D272E00125C93 /* Assets.xcassets in Resources */,
			);
			runOnlyForDeploymentPostprocessing = 0;
		};
		E1C49BD92C9D272F00125C93 /* Resources */ = {
			isa = PBXResourcesBuildPhase;
			buildActionMask = 2147483647;
			files = (
			);
			runOnlyForDeploymentPostprocessing = 0;
		};
		E1C49BE32C9D272F00125C93 /* Resources */ = {
			isa = PBXResourcesBuildPhase;
			buildActionMask = 2147483647;
			files = (
			);
			runOnlyForDeploymentPostprocessing = 0;
		};
/* End PBXResourcesBuildPhase section */

/* Begin PBXSourcesBuildPhase section */
		E1C49BC72C9D272D00125C93 /* Sources */ = {
			isa = PBXSourcesBuildPhase;
			buildActionMask = 2147483647;
			files = (
				E1C49BF92C9D293B00125C93 /* RegistrationView.swift in Sources */,
				E1C49BD12C9D272D00125C93 /* ContentView.swift in Sources */,
				E1C49BCF2C9D272D00125C93 /* CartApp.swift in Sources */,
			);
			runOnlyForDeploymentPostprocessing = 0;
		};
		E1C49BD72C9D272F00125C93 /* Sources */ = {
			isa = PBXSourcesBuildPhase;
			buildActionMask = 2147483647;
			files = (
				E1C49BE02C9D272F00125C93 /* CartTests.swift in Sources */,
				E1C49BFA2C9D293B00125C93 /* RegistrationView.swift in Sources */,
			);
			runOnlyForDeploymentPostprocessing = 0;
		};
		E1C49BE12C9D272F00125C93 /* Sources */ = {
			isa = PBXSourcesBuildPhase;
			buildActionMask = 2147483647;
			files = (
				E1C49BFB2C9D293B00125C93 /* RegistrationView.swift in Sources */,
				E1C49BEC2C9D272F00125C93 /* CartUITestsLaunchTests.swift in Sources */,
				E1C49BEA2C9D272F00125C93 /* CartUITests.swift in Sources */,
			);
			runOnlyForDeploymentPostprocessing = 0;
		};
/* End PBXSourcesBuildPhase section */

/* Begin PBXTargetDependency section */
		E1C49BDD2C9D272F00125C93 /* PBXTargetDependency */ = {
			isa = PBXTargetDependency;
			target = E1C49BCA2C9D272D00125C93 /* Cart */;
			targetProxy = E1C49BDC2C9D272F00125C93 /* PBXContainerItemProxy */;
		};
		E1C49BE72C9D272F00125C93 /* PBXTargetDependency */ = {
			isa = PBXTargetDependency;
			target = E1C49BCA2C9D272D00125C93 /* Cart */;
			targetProxy = E1C49BE62C9D272F00125C93 /* PBXContainerItemProxy */;
		};
/* End PBXTargetDependency section */

/* Begin XCBuildConfiguration section */
		E1C49BED2C9D272F00125C93 /* Debug */ = {
			isa = XCBuildConfiguration;
			buildSettings = {
				ALWAYS_SEARCH_USER_PATHS = NO;
				ASSETCATALOG_COMPILER_GENERATE_SWIFT_ASSET_SYMBOL_EXTENSIONS = YES;
				CLANG_ANALYZER_NONNULL = YES;
				CLANG_ANALYZER_NUMBER_OBJECT_CONVERSION = YES_AGGRESSIVE;
				CLANG_CXX_LANGUAGE_STANDARD = "gnu++20";
				CLANG_ENABLE_MODULES = YES;
				CLANG_ENABLE_OBJC_ARC = YES;
				CLANG_ENABLE_OBJC_WEAK = YES;
				CLANG_WARN_BLOCK_CAPTURE_AUTORELEASING = YES;
				CLANG_WARN_BOOL_CONVERSION = YES;
				CLANG_WARN_COMMA = YES;
				CLANG_WARN_CONSTANT_CONVERSION = YES;
				CLANG_WARN_DEPRECATED_OBJC_IMPLEMENTATIONS = YES;
				CLANG_WARN_DIRECT_OBJC_ISA_USAGE = YES_ERROR;
				CLANG_WARN_DOCUMENTATION_COMMENTS = YES;
				CLANG_WARN_EMPTY_BODY = YES;
				CLANG_WARN_ENUM_CONVERSION = YES;
				CLANG_WARN_INFINITE_RECURSION = YES;
				CLANG_WARN_INT_CONVERSION = YES;
				CLANG_WARN_NON_LITERAL_NULL_CONVERSION = YES;
				CLANG_WARN_OBJC_IMPLICIT_RETAIN_SELF = YES;
				CLANG_WARN_OBJC_LITERAL_CONVERSION = YES;
				CLANG_WARN_OBJC_ROOT_CLASS = YES_ERROR;
				CLANG_WARN_QUOTED_INCLUDE_IN_FRAMEWORK_HEADER = YES;
				CLANG_WARN_RANGE_LOOP_ANALYSIS = YES;
				CLANG_WARN_STRICT_PROTOTYPES = YES;
				CLANG_WARN_SUSPICIOUS_MOVE = YES;
				CLANG_WARN_UNGUARDED_AVAILABILITY = YES_AGGRESSIVE;
				CLANG_WARN_UNREACHABLE_CODE = YES;
				CLANG_WARN__DUPLICATE_METHOD_MATCH = YES;
				COPY_PHASE_STRIP = NO;
				DEBUG_INFORMATION_FORMAT = dwarf;
				ENABLE_STRICT_OBJC_MSGSEND = YES;
				ENABLE_TESTABILITY = YES;
				ENABLE_USER_SCRIPT_SANDBOXING = YES;
				GCC_C_LANGUAGE_STANDARD = gnu17;
				GCC_DYNAMIC_NO_PIC = NO;
				GCC_NO_COMMON_BLOCKS = YES;
				GCC_OPTIMIZATION_LEVEL = 0;
				GCC_PREPROCESSOR_DEFINITIONS = (
					"DEBUG=1",
					"$(inherited)",
				);
				GCC_WARN_64_TO_32_BIT_CONVERSION = YES;
				GCC_WARN_ABOUT_RETURN_TYPE = YES_ERROR;
				GCC_WARN_UNDECLARED_SELECTOR = YES;
				GCC_WARN_UNINITIALIZED_AUTOS = YES_AGGRESSIVE;
				GCC_WARN_UNUSED_FUNCTION = YES;
				GCC_WARN_UNUSED_VARIABLE = YES;
				IPHONEOS_DEPLOYMENT_TARGET = 17.5;
				LOCALIZATION_PREFERS_STRING_CATALOGS = YES;
				MTL_ENABLE_DEBUG_INFO = INCLUDE_SOURCE;
				MTL_FAST_MATH = YES;
				ONLY_ACTIVE_ARCH = YES;
				SDKROOT = iphoneos;
				SWIFT_ACTIVE_COMPILATION_CONDITIONS = "DEBUG $(inherited)";
				SWIFT_OPTIMIZATION_LEVEL = "-Onone";
			};
			name = Debug;
		};
		E1C49BEE2C9D272F00125C93 /* Release */ = {
			isa = XCBuildConfiguration;
			buildSettings = {
				ALWAYS_SEARCH_USER_PATHS = NO;
				ASSETCATALOG_COMPILER_GENERATE_SWIFT_ASSET_SYMBOL_EXTENSIONS = YES;
				CLANG_ANALYZER_NONNULL = YES;
				CLANG_ANALYZER_NUMBER_OBJECT_CONVERSION = YES_AGGRESSIVE;
				CLANG_CXX_LANGUAGE_STANDARD = "gnu++20";
				CLANG_ENABLE_MODULES = YES;
				CLANG_ENABLE_OBJC_ARC = YES;
				CLANG_ENABLE_OBJC_WEAK = YES;
				CLANG_WARN_BLOCK_CAPTURE_AUTORELEASING = YES;
				CLANG_WARN_BOOL_CONVERSION = YES;
				CLANG_WARN_COMMA = YES;
				CLANG_WARN_CONSTANT_CONVERSION = YES;
				CLANG_WARN_DEPRECATED_OBJC_IMPLEMENTATIONS = YES;
				CLANG_WARN_DIRECT_OBJC_ISA_USAGE = YES_ERROR;
				CLANG_WARN_DOCUMENTATION_COMMENTS = YES;
				CLANG_WARN_EMPTY_BODY = YES;
				CLANG_WARN_ENUM_CONVERSION = YES;
				CLANG_WARN_INFINITE_RECURSION = YES;
				CLANG_WARN_INT_CONVERSION = YES;
				CLANG_WARN_NON_LITERAL_NULL_CONVERSION = YES;
				CLANG_WARN_OBJC_IMPLICIT_RETAIN_SELF = YES;
				CLANG_WARN_OBJC_LITERAL_CONVERSION = YES;
				CLANG_WARN_OBJC_ROOT_CLASS = YES_ERROR;
				CLANG_WARN_QUOTED_INCLUDE_IN_FRAMEWORK_HEADER = YES;
				CLANG_WARN_RANGE_LOOP_ANALYSIS = YES;
				CLANG_WARN_STRICT_PROTOTYPES = YES;
				CLANG_WARN_SUSPICIOUS_MOVE = YES;
				CLANG_WARN_UNGUARDED_AVAILABILITY = YES_AGGRESSIVE;
				CLANG_WARN_UNREACHABLE_CODE = YES;
				CLANG_WARN__DUPLICATE_METHOD_MATCH = YES;
				COPY_PHASE_STRIP = NO;
				DEBUG_INFORMATION_FORMAT = "dwarf-with-dsym";
				ENABLE_NS_ASSERTIONS = NO;
				ENABLE_STRICT_OBJC_MSGSEND = YES;
				ENABLE_USER_SCRIPT_SANDBOXING = YES;
				GCC_C_LANGUAGE_STANDARD = gnu17;
				GCC_NO_COMMON_BLOCKS = YES;
				GCC_WARN_64_TO_32_BIT_CONVERSION = YES;
				GCC_WARN_ABOUT_RETURN_TYPE = YES_ERROR;
				GCC_WARN_UNDECLARED_SELECTOR = YES;
				GCC_WARN_UNINITIALIZED_AUTOS = YES_AGGRESSIVE;
				GCC_WARN_UNUSED_FUNCTION = YES;
				GCC_WARN_UNUSED_VARIABLE = YES;
				IPHONEOS_DEPLOYMENT_TARGET = 17.5;
				LOCALIZATION_PREFERS_STRING_CATALOGS = YES;
				MTL_ENABLE_DEBUG_INFO = NO;
				MTL_FAST_MATH = YES;
				SDKROOT = iphoneos;
				SWIFT_COMPILATION_MODE = wholemodule;
				VALIDATE_PRODUCT = YES;
			};
			name = Release;
		};
		E1C49BF02C9D272F00125C93 /* Debug */ = {
			isa = XCBuildConfiguration;
			buildSettings = {
				ASSETCATALOG_COMPILER_APPICON_NAME = AppIcon;
				ASSETCATALOG_COMPILER_GLOBAL_ACCENT_COLOR_NAME = AccentColor;
				CODE_SIGN_STYLE = Automatic;
				CURRENT_PROJECT_VERSION = 1;
				DEVELOPMENT_ASSET_PATHS = "\"Cart/Preview Content\"";
				ENABLE_PREVIEWS = YES;
				GENERATE_INFOPLIST_FILE = YES;
				INFOPLIST_KEY_UIApplicationSceneManifest_Generation = YES;
				INFOPLIST_KEY_UIApplicationSupportsIndirectInputEvents = YES;
				INFOPLIST_KEY_UILaunchScreen_Generation = YES;
				INFOPLIST_KEY_UISupportedInterfaceOrientations_iPad = "UIInterfaceOrientationPortrait UIInterfaceOrientationPortraitUpsideDown UIInterfaceOrientationLandscapeLeft UIInterfaceOrientationLandscapeRight";
				INFOPLIST_KEY_UISupportedInterfaceOrientations_iPhone = "UIInterfaceOrientationPortrait UIInterfaceOrientationLandscapeLeft UIInterfaceOrientationLandscapeRight";
				LD_RUNPATH_SEARCH_PATHS = (
					"$(inherited)",
					"@executable_path/Frameworks",
				);
				MARKETING_VERSION = 1.0;
				PRODUCT_BUNDLE_IDENTIFIER = com.ACTE.Cart;
				PRODUCT_NAME = "$(TARGET_NAME)";
				SWIFT_EMIT_LOC_STRINGS = YES;
				SWIFT_VERSION = 5.0;
				TARGETED_DEVICE_FAMILY = "1,2";
			};
			name = Debug;
		};
		E1C49BF12C9D272F00125C93 /* Release */ = {
			isa = XCBuildConfiguration;
			buildSettings = {
				ASSETCATALOG_COMPILER_APPICON_NAME = AppIcon;
				ASSETCATALOG_COMPILER_GLOBAL_ACCENT_COLOR_NAME = AccentColor;
				CODE_SIGN_STYLE = Automatic;
				CURRENT_PROJECT_VERSION = 1;
				DEVELOPMENT_ASSET_PATHS = "\"Cart/Preview Content\"";
				ENABLE_PREVIEWS = YES;
				GENERATE_INFOPLIST_FILE = YES;
				INFOPLIST_KEY_UIApplicationSceneManifest_Generation = YES;
				INFOPLIST_KEY_UIApplicationSupportsIndirectInputEvents = YES;
				INFOPLIST_KEY_UILaunchScreen_Generation = YES;
				INFOPLIST_KEY_UISupportedInterfaceOrientations_iPad = "UIInterfaceOrientationPortrait UIInterfaceOrientationPortraitUpsideDown UIInterfaceOrientationLandscapeLeft UIInterfaceOrientationLandscapeRight";
				INFOPLIST_KEY_UISupportedInterfaceOrientations_iPhone = "UIInterfaceOrientationPortrait UIInterfaceOrientationLandscapeLeft UIInterfaceOrientationLandscapeRight";
				LD_RUNPATH_SEARCH_PATHS = (
					"$(inherited)",
					"@executable_path/Frameworks",
				);
				MARKETING_VERSION = 1.0;
				PRODUCT_BUNDLE_IDENTIFIER = com.ACTE.Cart;
				PRODUCT_NAME = "$(TARGET_NAME)";
				SWIFT_EMIT_LOC_STRINGS = YES;
				SWIFT_VERSION = 5.0;
				TARGETED_DEVICE_FAMILY = "1,2";
			};
			name = Release;
		};
		E1C49BF32C9D272F00125C93 /* Debug */ = {
			isa = XCBuildConfiguration;
			buildSettings = {
				ALWAYS_EMBED_SWIFT_STANDARD_LIBRARIES = YES;
				BUNDLE_LOADER = "$(TEST_HOST)";
				CODE_SIGN_STYLE = Automatic;
				CURRENT_PROJECT_VERSION = 1;
				GENERATE_INFOPLIST_FILE = YES;
				IPHONEOS_DEPLOYMENT_TARGET = 17.5;
				MARKETING_VERSION = 1.0;
				PRODUCT_BUNDLE_IDENTIFIER = com.ACTE.CartTests;
				PRODUCT_NAME = "$(TARGET_NAME)";
				SWIFT_EMIT_LOC_STRINGS = NO;
				SWIFT_VERSION = 5.0;
				TARGETED_DEVICE_FAMILY = "1,2";
				TEST_HOST = "$(BUILT_PRODUCTS_DIR)/Cart.app/$(BUNDLE_EXECUTABLE_FOLDER_PATH)/Cart";
			};
			name = Debug;
		};
		E1C49BF42C9D272F00125C93 /* Release */ = {
			isa = XCBuildConfiguration;
			buildSettings = {
				ALWAYS_EMBED_SWIFT_STANDARD_LIBRARIES = YES;
				BUNDLE_LOADER = "$(TEST_HOST)";
				CODE_SIGN_STYLE = Automatic;
				CURRENT_PROJECT_VERSION = 1;
				GENERATE_INFOPLIST_FILE = YES;
				IPHONEOS_DEPLOYMENT_TARGET = 17.5;
				MARKETING_VERSION = 1.0;
				PRODUCT_BUNDLE_IDENTIFIER = com.ACTE.CartTests;
				PRODUCT_NAME = "$(TARGET_NAME)";
				SWIFT_EMIT_LOC_STRINGS = NO;
				SWIFT_VERSION = 5.0;
				TARGETED_DEVICE_FAMILY = "1,2";
				TEST_HOST = "$(BUILT_PRODUCTS_DIR)/Cart.app/$(BUNDLE_EXECUTABLE_FOLDER_PATH)/Cart";
			};
			name = Release;
		};
		E1C49BF62C9D272F00125C93 /* Debug */ = {
			isa = XCBuildConfiguration;
			buildSettings = {
				ALWAYS_EMBED_SWIFT_STANDARD_LIBRARIES = YES;
				CODE_SIGN_STYLE = Automatic;
				CURRENT_PROJECT_VERSION = 1;
				GENERATE_INFOPLIST_FILE = YES;
				MARKETING_VERSION = 1.0;
				PRODUCT_BUNDLE_IDENTIFIER = com.ACTE.CartUITests;
				PRODUCT_NAME = "$(TARGET_NAME)";
				SWIFT_EMIT_LOC_STRINGS = NO;
				SWIFT_VERSION = 5.0;
				TARGETED_DEVICE_FAMILY = "1,2";
				TEST_TARGET_NAME = Cart;
			};
			name = Debug;
		};
		E1C49BF72C9D272F00125C93 /* Release */ = {
			isa = XCBuildConfiguration;
			buildSettings = {
				ALWAYS_EMBED_SWIFT_STANDARD_LIBRARIES = YES;
				CODE_SIGN_STYLE = Automatic;
				CURRENT_PROJECT_VERSION = 1;
				GENERATE_INFOPLIST_FILE = YES;
				MARKETING_VERSION = 1.0;
				PRODUCT_BUNDLE_IDENTIFIER = com.ACTE.CartUITests;
				PRODUCT_NAME = "$(TARGET_NAME)";
				SWIFT_EMIT_LOC_STRINGS = NO;
				SWIFT_VERSION = 5.0;
				TARGETED_DEVICE_FAMILY = "1,2";
				TEST_TARGET_NAME = Cart;
			};
			name = Release;
		};
/* End XCBuildConfiguration section */

/* Begin XCConfigurationList section */
		E1C49BC62C9D272D00125C93 /* Build configuration list for PBXProject "Cart" */ = {
			isa = XCConfigurationList;
			buildConfigurations = (
				E1C49BED2C9D272F00125C93 /* Debug */,
				E1C49BEE2C9D272F00125C93 /* Release */,
			);
			defaultConfigurationIsVisible = 0;
			defaultConfigurationName = Release;
		};
		E1C49BEF2C9D272F00125C93 /* Build configuration list for PBXNativeTarget "Cart" */ = {
			isa = XCConfigurationList;
			buildConfigurations = (
				E1C49BF02C9D272F00125C93 /* Debug */,
				E1C49BF12C9D272F00125C93 /* Release */,
			);
			defaultConfigurationIsVisible = 0;
			defaultConfigurationName = Release;
		};
		E1C49BF22C9D272F00125C93 /* Build configuration list for PBXNativeTarget "CartTests" */ = {
			isa = XCConfigurationList;
			buildConfigurations = (
				E1C49BF32C9D272F00125C93 /* Debug */,
				E1C49BF42C9D272F00125C93 /* Release */,
			);
			defaultConfigurationIsVisible = 0;
			defaultConfigurationName = Release;
		};
		E1C49BF52C9D272F00125C93 /* Build configuration list for PBXNativeTarget "CartUITests" */ = {
			isa = XCConfigurationList;
			buildConfigurations = (
				E1C49BF62C9D272F00125C93 /* Debug */,
				E1C49BF72C9D272F00125C93 /* Release */,
			);
			defaultConfigurationIsVisible = 0;
			defaultConfigurationName = Release;
		};
/* End XCConfigurationList section */
	};
	rootObject = E1C49BC32C9D272D00125C93 /* Project object */;
}
